
Microsoft Visual Studio Solution File, Format Version 12.00
# Visual Studio Version 17
VisualStudioVersion = 17.8.34330.188
MinimumVisualStudioVersion = 10.0.40219.1
Project("{9A19103F-16F7-4668-BE54-9A1E7A4F7556}") = "Cake.Http", "Cake.Http\Cake.Http.csproj", "{75C21766-68D8-4480-829B-933560574F26}"
EndProject
Project("{9A19103F-16F7-4668-BE54-9A1E7A4F7556}") = "Cake.Http.Tests", "Cake.Http.Tests\Cake.Http.Tests.csproj", "{1B85EADC-915E-4D1C-9783-2954177A7224}"
EndProject
Global
	GlobalSection(SolutionConfigurationPlatforms) = preSolution
		Debug|Any CPU = Debug|Any CPU
		Release|Any CPU = Release|Any CPU
	EndGlobalSection
	GlobalSection(ProjectConfigurationPlatforms) = postSolution
		{75C21766-68D8-4480-829B-933560574F26}.Debug|Any CPU.ActiveCfg = Debug|Any CPU
		{75C21766-68D8-4480-829B-933560574F26}.Debug|Any CPU.Build.0 = Debug|Any CPU
		{75C21766-68D8-4480-829B-933560574F26}.Release|Any CPU.ActiveCfg = Release|Any CPU
		{75C21766-68D8-4480-829B-933560574F26}.Release|Any CPU.Build.0 = Release|Any CPU
		{1B85EADC-915E-4D1C-9783-2954177A7224}.Debug|Any CPU.ActiveCfg = Debug|Any CPU
		{1B85EADC-915E-4D1C-9783-2954177A7224}.Debug|Any CPU.Build.0 = Debug|Any CPU
		{1B85EADC-915E-4D1C-9783-2954177A7224}.Release|Any CPU.ActiveCfg = Release|Any CPU
		{1B85EADC-915E-4D1C-9783-2954177A7224}.Release|Any CPU.Build.0 = Release|Any CPU
	EndGlobalSection
	GlobalSection(SolutionProperties) = preSolution
		HideSolutionNode = FALSE
	EndGlobalSection
EndGlobal
